
Microsoft Visual Studio Solution File, Format Version 12.00
# Visual Studio Version 17
VisualStudioVersion = 17.11.35222.181
MinimumVisualStudioVersion = 10.0.40219.1
Project("{2150E333-8FDC-42A3-9474-1A3956D46DE8}") = "Task", "Task", "{D2365DF2-67B9-47E2-86A3-C3F2ECD4A154}"
EndProject
Project("{8BC9CEB8-8B4A-11D0-8D11-00A0C91BC942}") = "001_NumberCount", "001_NumberCount\001_NumberCount.vcxproj", "{6F7DB805-BA9F-4888-8BA6-4E7B9EC3FA77}"
EndProject
Project("{8BC9CEB8-8B4A-11D0-8D11-00A0C91BC942}") = "000_StringCount", "000_StringCount\000_StringCount.vcxproj", "{CB18B242-C68C-4A0F-AA96-9C923D34D498}"
EndProject
Project("{8BC9CEB8-8B4A-11D0-8D11-00A0C91BC942}") = "003_PlusString", "003_PlusString\003_PlusString.vcxproj", "{80D44BF8-EE9F-43C2-B770-281CC14181CB}"
EndProject
Project("{8BC9CEB8-8B4A-11D0-8D11-00A0C91BC942}") = "002_TextRpg 000", "002_TextRpg 000\002_TextRpg 000.vcxproj", "{AD1EAC29-7B4D-4B2A-B992-10A7181FE15F}"
EndProject
Project("{2150E333-8FDC-42A3-9474-1A3956D46DE8}") = "Game", "Game", "{112868CB-6431-4407-B44D-33B059ECE3AD}"
EndProject
Project("{8BC9CEB8-8B4A-11D0-8D11-00A0C91BC942}") = "TextRpg 002 inheritance", "TextRpg 002 inheritance\TextRpg 002 inheritance.vcxproj", "{7BD83164-A53D-4965-916D-D286BF3BF871}"
EndProject
Project("{8BC9CEB8-8B4A-11D0-8D11-00A0C91BC942}") = "TextRpg003ClassFile", "TextRpg003ClassFile\TextRpg003ClassFile.vcxproj", "{548CC98B-3A9B-493F-889E-3DA359715206}"
EndProject
Project("{8BC9CEB8-8B4A-11D0-8D11-00A0C91BC942}") = "BaseSystem", "BaseSystem\BaseSystem.vcxproj", "{0ACEBF45-8515-409B-99DE-190CD392A6FC}"
EndProject
Project("{2150E333-8FDC-42A3-9474-1A3956D46DE8}") = "Framework", "Framework", "{7200757A-1242-41A4-AAF4-1B37E674F919}"
EndProject
Global
	GlobalSection(SolutionConfigurationPlatforms) = preSolution
		Debug|x64 = Debug|x64
		Debug|x86 = Debug|x86
		Release|x64 = Release|x64
		Release|x86 = Release|x86
	EndGlobalSection
	GlobalSection(ProjectConfigurationPlatforms) = postSolution
		{6F7DB805-BA9F-4888-8BA6-4E7B9EC3FA77}.Debug|x64.ActiveCfg = Debug|x64
		{6F7DB805-BA9F-4888-8BA6-4E7B9EC3FA77}.Debug|x64.Build.0 = Debug|x64
		{6F7DB805-BA9F-4888-8BA6-4E7B9EC3FA77}.Debug|x86.ActiveCfg = Debug|Win32
		{6F7DB805-BA9F-4888-8BA6-4E7B9EC3FA77}.Debug|x86.Build.0 = Debug|Win32
		{6F7DB805-BA9F-4888-8BA6-4E7B9EC3FA77}.Release|x64.ActiveCfg = Release|x64
		{6F7DB805-BA9F-4888-8BA6-4E7B9EC3FA77}.Release|x64.Build.0 = Release|x64
		{6F7DB805-BA9F-4888-8BA6-4E7B9EC3FA77}.Release|x86.ActiveCfg = Release|Win32
		{6F7DB805-BA9F-4888-8BA6-4E7B9EC3FA77}.Release|x86.Build.0 = Release|Win32
		{CB18B242-C68C-4A0F-AA96-9C923D34D498}.Debug|x64.ActiveCfg = Debug|x64
		{CB18B242-C68C-4A0F-AA96-9C923D34D498}.Debug|x64.Build.0 = Debug|x64
		{CB18B242-C68C-4A0F-AA96-9C923D34D498}.Debug|x86.ActiveCfg = Debug|Win32
		{CB18B242-C68C-4A0F-AA96-9C923D34D498}.Debug|x86.Build.0 = Debug|Win32
		{CB18B242-C68C-4A0F-AA96-9C923D34D498}.Release|x64.ActiveCfg = Release|x64
		{CB18B242-C68C-4A0F-AA96-9C923D34D498}.Release|x64.Build.0 = Release|x64
		{CB18B242-C68C-4A0F-AA96-9C923D34D498}.Release|x86.ActiveCfg = Release|Win32
		{CB18B242-C68C-4A0F-AA96-9C923D34D498}.Release|x86.Build.0 = Release|Win32
		{80D44BF8-EE9F-43C2-B770-281CC14181CB}.Debug|x64.ActiveCfg = Debug|x64
		{80D44BF8-EE9F-43C2-B770-281CC14181CB}.Debug|x64.Build.0 = Debug|x64
		{80D44BF8-EE9F-43C2-B770-281CC14181CB}.Debug|x86.ActiveCfg = Debug|Win32
		{80D44BF8-EE9F-43C2-B770-281CC14181CB}.Debug|x86.Build.0 = Debug|Win32
		{80D44BF8-EE9F-43C2-B770-281CC14181CB}.Release|x64.ActiveCfg = Release|x64
		{80D44BF8-EE9F-43C2-B770-281CC14181CB}.Release|x64.Build.0 = Release|x64
		{80D44BF8-EE9F-43C2-B770-281CC14181CB}.Release|x86.ActiveCfg = Release|Win32
		{80D44BF8-EE9F-43C2-B770-281CC14181CB}.Release|x86.Build.0 = Release|Win32
		{AD1EAC29-7B4D-4B2A-B992-10A7181FE15F}.Debug|x64.ActiveCfg = Debug|x64
		{AD1EAC29-7B4D-4B2A-B992-10A7181FE15F}.Debug|x64.Build.0 = Debug|x64
		{AD1EAC29-7B4D-4B2A-B992-10A7181FE15F}.Debug|x86.ActiveCfg = Debug|Win32
		{AD1EAC29-7B4D-4B2A-B992-10A7181FE15F}.Debug|x86.Build.0 = Debug|Win32
		{AD1EAC29-7B4D-4B2A-B992-10A7181FE15F}.Release|x64.ActiveCfg = Release|x64
		{AD1EAC29-7B4D-4B2A-B992-10A7181FE15F}.Release|x64.Build.0 = Release|x64
		{AD1EAC29-7B4D-4B2A-B992-10A7181FE15F}.Release|x86.ActiveCfg = Release|Win32
		{AD1EAC29-7B4D-4B2A-B992-10A7181FE15F}.Release|x86.Build.0 = Release|Win32
		{7BD83164-A53D-4965-916D-D286BF3BF871}.Debug|x64.ActiveCfg = Debug|x64
		{7BD83164-A53D-4965-916D-D286BF3BF871}.Debug|x64.Build.0 = Debug|x64
		{7BD83164-A53D-4965-916D-D286BF3BF871}.Debug|x86.ActiveCfg = Debug|Win32
		{7BD83164-A53D-4965-916D-D286BF3BF871}.Debug|x86.Build.0 = Debug|Win32
		{7BD83164-A53D-4965-916D-D286BF3BF871}.Release|x64.ActiveCfg = Release|x64
		{7BD83164-A53D-4965-916D-D286BF3BF871}.Release|x64.Build.0 = Release|x64
		{7BD83164-A53D-4965-916D-D286BF3BF871}.Release|x86.ActiveCfg = Release|Win32
		{7BD83164-A53D-4965-916D-D286BF3BF871}.Release|x86.Build.0 = Release|Win32
		{548CC98B-3A9B-493F-889E-3DA359715206}.Debug|x64.ActiveCfg = Debug|x64
		{548CC98B-3A9B-493F-889E-3DA359715206}.Debug|x64.Build.0 = Debug|x64
		{548CC98B-3A9B-493F-889E-3DA359715206}.Debug|x86.ActiveCfg = Debug|Win32
		{548CC98B-3A9B-493F-889E-3DA359715206}.Debug|x86.Build.0 = Debug|Win32
		{548CC98B-3A9B-493F-889E-3DA359715206}.Release|x64.ActiveCfg = Release|x64
		{548CC98B-3A9B-493F-889E-3DA359715206}.Release|x64.Build.0 = Release|x64
		{548CC98B-3A9B-493F-889E-3DA359715206}.Release|x86.ActiveCfg = Release|Win32
		{548CC98B-3A9B-493F-889E-3DA359715206}.Release|x86.Build.0 = Release|Win32
		{0ACEBF45-8515-409B-99DE-190CD392A6FC}.Debug|x64.ActiveCfg = Debug|x64
		{0ACEBF45-8515-409B-99DE-190CD392A6FC}.Debug|x64.Build.0 = Debug|x64
		{0ACEBF45-8515-409B-99DE-190CD392A6FC}.Debug|x86.ActiveCfg = Debug|Win32
		{0ACEBF45-8515-409B-99DE-190CD392A6FC}.Debug|x86.Build.0 = Debug|Win32
		{0ACEBF45-8515-409B-99DE-190CD392A6FC}.Release|x64.ActiveCfg = Release|x64
		{0ACEBF45-8515-409B-99DE-190CD392A6FC}.Release|x64.Build.0 = Release|x64
		{0ACEBF45-8515-409B-99DE-190CD392A6FC}.Release|x86.ActiveCfg = Release|Win32
		{0ACEBF45-8515-409B-99DE-190CD392A6FC}.Release|x86.Build.0 = Release|Win32
	EndGlobalSection
	GlobalSection(SolutionProperties) = preSolution
		HideSolutionNode = FALSE
	EndGlobalSection
	GlobalSection(NestedProjects) = preSolution
		{6F7DB805-BA9F-4888-8BA6-4E7B9EC3FA77} = {D2365DF2-67B9-47E2-86A3-C3F2ECD4A154}
		{CB18B242-C68C-4A0F-AA96-9C923D34D498} = {D2365DF2-67B9-47E2-86A3-C3F2ECD4A154}
		{80D44BF8-EE9F-43C2-B770-281CC14181CB} = {D2365DF2-67B9-47E2-86A3-C3F2ECD4A154}
		{AD1EAC29-7B4D-4B2A-B992-10A7181FE15F} = {D2365DF2-67B9-47E2-86A3-C3F2ECD4A154}
		{7BD83164-A53D-4965-916D-D286BF3BF871} = {112868CB-6431-4407-B44D-33B059ECE3AD}
		{0ACEBF45-8515-409B-99DE-190CD392A6FC} = {7200757A-1242-41A4-AAF4-1B37E674F919}
	EndGlobalSection
	GlobalSection(ExtensibilityGlobals) = postSolution
		SolutionGuid = {53B597C1-2DB6-47E2-A4C5-BDD24AD64D1A}
	EndGlobalSection
EndGlobal
